
Microsoft Visual Studio Solution File, Format Version 12.00
# Visual Studio Version 16
VisualStudioVersion = 16.0.32901.82
MinimumVisualStudioVersion = 10.0.40219.1
Project("{FAE04EC0-301F-11D3-BF4B-00C04F79EFBC}") = "CSDLPT", "CSDLPT\CSDLPT.csproj", "{178CDA58-D34E-4869-990D-47D1A6DEAC55}"
EndProject
Global
	GlobalSection(SolutionConfigurationPlatforms) = preSolution
		Debug|Any CPU = Debug|Any CPU
		Release|Any CPU = Release|Any CPU
	EndGlobalSection
	GlobalSection(ProjectConfigurationPlatforms) = postSolution
		{178CDA58-D34E-4869-990D-47D1A6DEAC55}.Debug|Any CPU.ActiveCfg = Debug|Any CPU
		{178CDA58-D34E-4869-990D-47D1A6DEAC55}.Debug|Any CPU.Build.0 = Debug|Any CPU
		{178CDA58-D34E-4869-990D-47D1A6DEAC55}.Release|Any CPU.ActiveCfg = Release|Any CPU
		{178CDA58-D34E-4869-990D-47D1A6DEAC55}.Release|Any CPU.Build.0 = Release|Any CPU
	EndGlobalSection
	GlobalSection(SolutionProperties) = preSolution
		HideSolutionNode = FALSE
	EndGlobalSection
	GlobalSection(ExtensibilityGlobals) = postSolution
		SolutionGuid = {332A7E17-0245-42EB-B378-C6612A24ECE9}
	EndGlobalSection
EndGlobal
